
Microsoft Visual Studio Solution File, Format Version 12.00
# Visual Studio Version 17
VisualStudioVersion = 17.1.32407.343
MinimumVisualStudioVersion = 10.0.40219.1
Project("{FAE04EC0-301F-11D3-BF4B-00C04F79EFBC}") = "ResponsiveApp", "ResponsiveApp\ResponsiveApp.csproj", "{46AE41B4-A896-4634-9E15-75BE56C692C7}"
EndProject
Global
	GlobalSection(SolutionConfigurationPlatforms) = preSolution
		Debug|Any CPU = Debug|Any CPU
		Release|Any CPU = Release|Any CPU
	EndGlobalSection
	GlobalSection(ProjectConfigurationPlatforms) = postSolution
		{46AE41B4-A896-4634-9E15-75BE56C692C7}.Debug|Any CPU.ActiveCfg = Debug|Any CPU
		{46AE41B4-A896-4634-9E15-75BE56C692C7}.Debug|Any CPU.Build.0 = Debug|Any CPU
		{46AE41B4-A896-4634-9E15-75BE56C692C7}.Release|Any CPU.ActiveCfg = Release|Any CPU
		{46AE41B4-A896-4634-9E15-75BE56C692C7}.Release|Any CPU.Build.0 = Release|Any CPU
	EndGlobalSection
	GlobalSection(SolutionProperties) = preSolution
		HideSolutionNode = FALSE
	EndGlobalSection
	GlobalSection(ExtensibilityGlobals) = postSolution
		SolutionGuid = {C14A1F4A-F366-403B-8741-A83700C94C6B}
	EndGlobalSection
EndGlobal
